# This file is automatically @generated by Cargo.
# It is not intended for manual editing.
version = 4

[[package]]
name = "qirava-site"
version = "0.1.0"
dependencies = [
 "tqdms",
 "tqexec",
 "tqquill-build",
 "tqquill-design",
 "tqquill-icons",
 "tqquill-runtime",
 "tqquill-style",
 "tqquill-theme",
 "tqquill-view",
 "tqvalue",
]

[[package]]
name = "tqarray"
version = "0.1.0"
dependencies = [
 "tqexec",
 "tqvalue",
]

[[package]]
name = "tqconvert"
version = "0.1.0"
dependencies = [
 "tqexec",
 "tqvalue",
]

[[package]]
name = "tqcrypto"
version = "0.1.0"
dependencies = [
 "tqencoding",
 "tqexec",
 "tqvalue",
]

[[package]]
name = "tqdms"
version = "0.1.0"
dependencies = [
 "tqarray",
 "tqconvert",
 "tqcrypto",
 "tqencoding",
 "tqexec",
 "tqmath",
 "tqnumber",
 "tqobject",
 "tqquill-build",
 "tqquill-design",
 "tqquill-docs",
 "tqquill-runtime",
 "tqquill-style",
 "tqquill-theme",
 "tqquill-view",
 "tqregex",
 "tqstring",
 "tqtime",
 "tquuid",
 "tqvalue",
]

[[package]]
name = "tqencoding"
version = "0.1.0"
dependencies = [
 "tqexec",
 "tqvalue",
]

[[package]]
name = "tqexec"
version = "0.1.0"

[[package]]
name = "tqmath"
version = "0.1.0"
dependencies = [
 "tqexec",
 "tqvalue",
]

[[package]]
name = "tqnumber"
version = "0.1.0"
dependencies = [
 "tqexec",
 "tqvalue",
]

[[package]]
name = "tqobject"
version = "0.1.0"
dependencies = [
 "tqexec",
 "tqvalue",
]

[[package]]
name = "tqquill-build"
version = "0.1.0"

[[package]]
name = "tqquill-design"
version = "0.1.0"
dependencies = [
 "tqquill-icons",
 "tqquill-style",
 "tqquill-theme",
 "tqquill-ui",
 "tqquill-view",
]

[[package]]
name = "tqquill-docs"
version = "0.1.0"
dependencies = [
 "tqquill-design",
 "tqquill-icons",
 "tqquill-style",
 "tqquill-theme",
 "tqquill-ui",
 "tqquill-view",
]

[[package]]
name = "tqquill-icons"
version = "0.1.0"
dependencies = [
 "tqquill-view",
]

[[package]]
name = "tqquill-runtime"
version = "0.1.0"

[[package]]
name = "tqquill-style"
version = "0.1.0"

[[package]]
name = "tqquill-theme"
version = "0.1.0"

[[package]]
name = "tqquill-ui"
version = "0.1.0"
dependencies = [
 "tqquill-view",
]

[[package]]
name = "tqquill-view"
version = "0.1.0"

[[package]]
name = "tqregex"
version = "0.1.0"
dependencies = [
 "tqexec",
 "tqvalue",
]

[[package]]
name = "tqstring"
version = "0.1.0"
dependencies = [
 "tqexec",
 "tqvalue",
]

[[package]]
name = "tqtime"
version = "0.1.0"
dependencies = [
 "tqexec",
 "tqvalue",
]

[[package]]
name = "tquuid"
version = "0.1.0"
dependencies = [
 "tqexec",
 "tqvalue",
]

[[package]]
name = "tqvalue"
version = "0.1.0"
